// !$*UTF8*$!
{
	archiveVersion = 1;
	classes = {
	};
	objectVersion = 46;
	objects = {

/* Begin PBXBuildFile section */
		C0E0619918FE6804002D1152 /* Foundation.framework in Frameworks */ = {isa = PBXBuildFile; fileRef = C0E0619818FE6804002D1152 /* Foundation.framework */; };
		C0E0619B18FE6804002D1152 /* CoreGraphics.framework in Frameworks */ = {isa = PBXBuildFile; fileRef = C0E0619A18FE6804002D1152 /* CoreGraphics.framework */; };
		C0E0619D18FE6804002D1152 /* UIKit.framework in Frameworks */ = {isa = PBXBuildFile; fileRef = C0E0619C18FE6804002D1152 /* UIKit.framework */; };
		C0E061A318FE6804002D1152 /* InfoPlist.strings in Resources */ = {isa = PBXBuildFile; fileRef = C0E061A118FE6804002D1152 /* InfoPlist.strings */; };
		C0E061A518FE6804002D1152 /* main.m in Sources */ = {isa = PBXBuildFile; fileRef = C0E061A418FE6804002D1152 /* main.m */; };
		C0E061A918FE6804002D1152 /* GRJAppDelegate.m in Sources */ = {isa = PBXBuildFile; fileRef = C0E061A818FE6804002D1152 /* GRJAppDelegate.m */; };
		C0E061AB18FE6804002D1152 /* Images.xcassets in Resources */ = {isa = PBXBuildFile; fileRef = C0E061AA18FE6804002D1152 /* Images.xcassets */; };
		C0E061B218FE6804002D1152 /* XCTest.framework in Frameworks */ = {isa = PBXBuildFile; fileRef = C0E061B118FE6804002D1152 /* XCTest.framework */; };
		C0E061B318FE6804002D1152 /* Foundation.framework in Frameworks */ = {isa = PBXBuildFile; fileRef = C0E0619818FE6804002D1152 /* Foundation.framework */; };
		C0E061B418FE6804002D1152 /* UIKit.framework in Frameworks */ = {isa = PBXBuildFile; fileRef = C0E0619C18FE6804002D1152 /* UIKit.framework */; };
		C0E061BC18FE6804002D1152 /* InfoPlist.strings in Resources */ = {isa = PBXBuildFile; fileRef = C0E061BA18FE6804002D1152 /* InfoPlist.strings */; };
		C0E061BE18FE6804002D1152 /* JettisonTests.m in Sources */ = {isa = PBXBuildFile; fileRef = C0E061BD18FE6804002D1152 /* JettisonTests.m */; };
/* End PBXBuildFile section */

/* Begin PBXContainerItemProxy section */
		C0E061B518FE6804002D1152 /* PBXContainerItemProxy */ = {
			isa = PBXContainerItemProxy;
			containerPortal = C0E0618D18FE6804002D1152 /* Project object */;
			proxyType = 1;
			remoteGlobalIDString = C0E0619418FE6804002D1152;
			remoteInfo = Jettison;
		};
/* End PBXContainerItemProxy section */

/* Begin PBXFileReference section */
		C0E0619518FE6804002D1152 /* Jettison.app */ = {isa = PBXFileReference; explicitFileType = wrapper.application; includeInIndex = 0; path = Jettison.app; sourceTree = BUILT_PRODUCTS_DIR; };
		C0E0619818FE6804002D1152 /* Foundation.framework */ = {isa = PBXFileReference; lastKnownFileType = wrapper.framework; name = Foundation.framework; path = System/Library/Frameworks/Foundation.framework; sourceTree = SDKROOT; };
		C0E0619A18FE6804002D1152 /* CoreGraphics.framework */ = {isa = PBXFileReference; lastKnownFileType = wrapper.framework; name = CoreGraphics.framework; path = System/Library/Frameworks/CoreGraphics.framework; sourceTree = SDKROOT; };
		C0E0619C18FE6804002D1152 /* UIKit.framework */ = {isa = PBXFileReference; lastKnownFileType = wrapper.framework; name = UIKit.framework; path = System/Library/Frameworks/UIKit.framework; sourceTree = SDKROOT; };
		C0E061A018FE6804002D1152 /* Jettison-Info.plist */ = {isa = PBXFileReference; lastKnownFileType = text.plist.xml; path = "Jettison-Info.plist"; sourceTree = "<group>"; };
		C0E061A218FE6804002D1152 /* en */ = {isa = PBXFileReference; lastKnownFileType = text.plist.strings; name = en; path = en.lproj/InfoPlist.strings; sourceTree = "<group>"; };
		C0E061A418FE6804002D1152 /* main.m */ = {isa = PBXFileReference; lastKnownFileType = sourcecode.c.objc; path = main.m; sourceTree = "<group>"; };
		C0E061A618FE6804002D1152 /* Jettison-Prefix.pch */ = {isa = PBXFileReference; lastKnownFileType = sourcecode.c.h; path = "Jettison-Prefix.pch"; sourceTree = "<group>"; };
		C0E061A718FE6804002D1152 /* GRJAppDelegate.h */ = {isa = PBXFileReference; lastKnownFileType = sourcecode.c.h; path = GRJAppDelegate.h; sourceTree = "<group>"; };
		C0E061A818FE6804002D1152 /* GRJAppDelegate.m */ = {isa = PBXFileReference; lastKnownFileType = sourcecode.c.objc; path = GRJAppDelegate.m; sourceTree = "<group>"; };
		C0E061AA18FE6804002D1152 /* Images.xcassets */ = {isa = PBXFileReference; lastKnownFileType = folder.assetcatalog; path = Images.xcassets; sourceTree = "<group>"; };
		C0E061B018FE6804002D1152 /* JettisonTests.xctest */ = {isa = PBXFileReference; explicitFileType = wrapper.cfbundle; includeInIndex = 0; path = JettisonTests.xctest; sourceTree = BUILT_PRODUCTS_DIR; };
		C0E061B118FE6804002D1152 /* XCTest.framework */ = {isa = PBXFileReference; lastKnownFileType = wrapper.framework; name = XCTest.framework; path = Library/Frameworks/XCTest.framework; sourceTree = DEVELOPER_DIR; };
		C0E061B918FE6804002D1152 /* JettisonTests-Info.plist */ = {isa = PBXFileReference; lastKnownFileType = text.plist.xml; path = "JettisonTests-Info.plist"; sourceTree = "<group>"; };
		C0E061BB18FE6804002D1152 /* en */ = {isa = PBXFileReference; lastKnownFileType = text.plist.strings; name = en; path = en.lproj/InfoPlist.strings; sourceTree = "<group>"; };
		C0E061BD18FE6804002D1152 /* JettisonTests.m */ = {isa = PBXFileReference; lastKnownFileType = sourcecode.c.objc; path = JettisonTests.m; sourceTree = "<group>"; };
/* End PBXFileReference section */

/* Begin PBXFrameworksBuildPhase section */
		C0E0619218FE6804002D1152 /* Frameworks */ = {
			isa = PBXFrameworksBuildPhase;
			buildActionMask = 2147483647;
			files = (
				C0E0619B18FE6804002D1152 /* CoreGraphics.framework in Frameworks */,
				C0E0619D18FE6804002D1152 /* UIKit.framework in Frameworks */,
				C0E0619918FE6804002D1152 /* Foundation.framework in Frameworks */,
			);
			runOnlyForDeploymentPostprocessing = 0;
		};
		C0E061AD18FE6804002D1152 /* Frameworks */ = {
			isa = PBXFrameworksBuildPhase;
			buildActionMask = 2147483647;
			files = (
				C0E061B218FE6804002D1152 /* XCTest.framework in Frameworks */,
				C0E061B418FE6804002D1152 /* UIKit.framework in Frameworks */,
				C0E061B318FE6804002D1152 /* Foundation.framework in Frameworks */,
			);
			runOnlyForDeploymentPostprocessing = 0;
		};
/* End PBXFrameworksBuildPhase section */

/* Begin PBXGroup section */
		C0E0618C18FE6804002D1152 = {
			isa = PBXGroup;
			children = (
				C0E0619E18FE6804002D1152 /* Jettison */,
				C0E061B718FE6804002D1152 /* JettisonTests */,
				C0E0619718FE6804002D1152 /* Frameworks */,
				C0E0619618FE6804002D1152 /* Products */,
			);
			sourceTree = "<group>";
		};
		C0E0619618FE6804002D1152 /* Products */ = {
			isa = PBXGroup;
			children = (
				C0E0619518FE6804002D1152 /* Jettison.app */,
				C0E061B018FE6804002D1152 /* JettisonTests.xctest */,
			);
			name = Products;
			sourceTree = "<group>";
		};
		C0E0619718FE6804002D1152 /* Frameworks */ = {
			isa = PBXGroup;
			children = (
				C0E0619818FE6804002D1152 /* Foundation.framework */,
				C0E0619A18FE6804002D1152 /* CoreGraphics.framework */,
				C0E0619C18FE6804002D1152 /* UIKit.framework */,
				C0E061B118FE6804002D1152 /* XCTest.framework */,
			);
			name = Frameworks;
			sourceTree = "<group>";
		};
		C0E0619E18FE6804002D1152 /* Jettison */ = {
			isa = PBXGroup;
			children = (
				C0E061A718FE6804002D1152 /* GRJAppDelegate.h */,
				C0E061A818FE6804002D1152 /* GRJAppDelegate.m */,
				C0E061AA18FE6804002D1152 /* Images.xcassets */,
				C0E0619F18FE6804002D1152 /* Supporting Files */,
			);
			path = Jettison;
			sourceTree = "<group>";
		};
		C0E0619F18FE6804002D1152 /* Supporting Files */ = {
			isa = PBXGroup;
			children = (
				C0E061A018FE6804002D1152 /* Jettison-Info.plist */,
				C0E061A118FE6804002D1152 /* InfoPlist.strings */,
				C0E061A418FE6804002D1152 /* main.m */,
				C0E061A618FE6804002D1152 /* Jettison-Prefix.pch */,
			);
			name = "Supporting Files";
			sourceTree = "<group>";
		};
		C0E061B718FE6804002D1152 /* JettisonTests */ = {
			isa = PBXGroup;
			children = (
				C0E061BD18FE6804002D1152 /* JettisonTests.m */,
				C0E061B818FE6804002D1152 /* Supporting Files */,
			);
			path = JettisonTests;
			sourceTree = "<group>";
		};
		C0E061B818FE6804002D1152 /* Supporting Files */ = {
			isa = PBXGroup;
			children = (
				C0E061B918FE6804002D1152 /* JettisonTests-Info.plist */,
				C0E061BA18FE6804002D1152 /* InfoPlist.strings */,
			);
			name = "Supporting Files";
			sourceTree = "<group>";
		};
/* End PBXGroup section */

/* Begin PBXNativeTarget section */
		C0E0619418FE6804002D1152 /* Jettison */ = {
			isa = PBXNativeTarget;
			buildConfigurationList = C0E061C118FE6804002D1152 /* Build configuration list for PBXNativeTarget "Jettison" */;
			buildPhases = (
				C0E0619118FE6804002D1152 /* Sources */,
				C0E0619218FE6804002D1152 /* Frameworks */,
				C0E0619318FE6804002D1152 /* Resources */,
			);
			buildRules = (
			);
			dependencies = (
			);
			name = Jettison;
			productName = Jettison;
			productReference = C0E0619518FE6804002D1152 /* Jettison.app */;
			productType = "com.apple.product-type.application";
		};
		C0E061AF18FE6804002D1152 /* JettisonTests */ = {
			isa = PBXNativeTarget;
			buildConfigurationList = C0E061C418FE6804002D1152 /* Build configuration list for PBXNativeTarget "JettisonTests" */;
			buildPhases = (
				C0E061AC18FE6804002D1152 /* Sources */,
				C0E061AD18FE6804002D1152 /* Frameworks */,
				C0E061AE18FE6804002D1152 /* Resources */,
			);
			buildRules = (
			);
			dependencies = (
				C0E061B618FE6804002D1152 /* PBXTargetDependency */,
			);
			name = JettisonTests;
			productName = JettisonTests;
			productReference = C0E061B018FE6804002D1152 /* JettisonTests.xctest */;
			productType = "com.apple.product-type.bundle.unit-test";
		};
/* End PBXNativeTarget section */

/* Begin PBXProject section */
		C0E0618D18FE6804002D1152 /* Project object */ = {
			isa = PBXProject;
			attributes = {
				CLASSPREFIX = GRJ;
				LastUpgradeCheck = 0510;
				ORGANIZATIONNAME = "Gabriel Rinaldi";
				TargetAttributes = {
					C0E061AF18FE6804002D1152 = {
						TestTargetID = C0E0619418FE6804002D1152;
					};
				};
			};
			buildConfigurationList = C0E0619018FE6804002D1152 /* Build configuration list for PBXProject "Jettison" */;
			compatibilityVersion = "Xcode 3.2";
			developmentRegion = English;
			hasScannedForEncodings = 0;
			knownRegions = (
				en,
			);
			mainGroup = C0E0618C18FE6804002D1152;
			productRefGroup = C0E0619618FE6804002D1152 /* Products */;
			projectDirPath = "";
			projectRoot = "";
			targets = (
				C0E0619418FE6804002D1152 /* Jettison */,
				C0E061AF18FE6804002D1152 /* JettisonTests */,
			);
		};
/* End PBXProject section */

/* Begin PBXResourcesBuildPhase section */
		C0E0619318FE6804002D1152 /* Resources */ = {
			isa = PBXResourcesBuildPhase;
			buildActionMask = 2147483647;
			files = (
				C0E061A318FE6804002D1152 /* InfoPlist.strings in Resources */,
				C0E061AB18FE6804002D1152 /* Images.xcassets in Resources */,
			);
			runOnlyForDeploymentPostprocessing = 0;
		};
		C0E061AE18FE6804002D1152 /* Resources */ = {
			isa = PBXResourcesBuildPhase;
			buildActionMask = 2147483647;
			files = (
				C0E061BC18FE6804002D1152 /* InfoPlist.strings in Resources */,
			);
			runOnlyForDeploymentPostprocessing = 0;
		};
/* End PBXResourcesBuildPhase section */

/* Begin PBXSourcesBuildPhase section */
		C0E0619118FE6804002D1152 /* Sources */ = {
			isa = PBXSourcesBuildPhase;
			buildActionMask = 2147483647;
			files = (
				C0E061A918FE6804002D1152 /* GRJAppDelegate.m in Sources */,
				C0E061A518FE6804002D1152 /* main.m in Sources */,
			);
			runOnlyForDeploymentPostprocessing = 0;
		};
		C0E061AC18FE6804002D1152 /* Sources */ = {
			isa = PBXSourcesBuildPhase;
			buildActionMask = 2147483647;
			files = (
				C0E061BE18FE6804002D1152 /* JettisonTests.m in Sources */,
			);
			runOnlyForDeploymentPostprocessing = 0;
		};
/* End PBXSourcesBuildPhase section */

/* Begin PBXTargetDependency section */
		C0E061B618FE6804002D1152 /* PBXTargetDependency */ = {
			isa = PBXTargetDependency;
			target = C0E0619418FE6804002D1152 /* Jettison */;
			targetProxy = C0E061B518FE6804002D1152 /* PBXContainerItemProxy */;
		};
/* End PBXTargetDependency section */

/* Begin PBXVariantGroup section */
		C0E061A118FE6804002D1152 /* InfoPlist.strings */ = {
			isa = PBXVariantGroup;
			children = (
				C0E061A218FE6804002D1152 /* en */,
			);
			name = InfoPlist.strings;
			sourceTree = "<group>";
		};
		C0E061BA18FE6804002D1152 /* InfoPlist.strings */ = {
			isa = PBXVariantGroup;
			children = (
				C0E061BB18FE6804002D1152 /* en */,
			);
			name = InfoPlist.strings;
			sourceTree = "<group>";
		};
/* End PBXVariantGroup section */

/* Begin XCBuildConfiguration section */
		C0E061BF18FE6804002D1152 /* Debug */ = {
			isa = XCBuildConfiguration;
			buildSettings = {
				ALWAYS_SEARCH_USER_PATHS = NO;
				CLANG_CXX_LANGUAGE_STANDARD = "gnu++0x";
				CLANG_CXX_LIBRARY = "libc++";
				CLANG_ENABLE_MODULES = YES;
				CLANG_ENABLE_OBJC_ARC = YES;
				CLANG_WARN_BOOL_CONVERSION = YES;
				CLANG_WARN_CONSTANT_CONVERSION = YES;
				CLANG_WARN_DIRECT_OBJC_ISA_USAGE = YES_ERROR;
				CLANG_WARN_EMPTY_BODY = YES;
				CLANG_WARN_ENUM_CONVERSION = YES;
				CLANG_WARN_INT_CONVERSION = YES;
				CLANG_WARN_OBJC_ROOT_CLASS = YES_ERROR;
				CLANG_WARN__DUPLICATE_METHOD_MATCH = YES;
				"CODE_SIGN_IDENTITY[sdk=iphoneos*]" = "iPhone Developer";
				COPY_PHASE_STRIP = NO;
				GCC_C_LANGUAGE_STANDARD = gnu99;
				GCC_DYNAMIC_NO_PIC = NO;
				GCC_OPTIMIZATION_LEVEL = 0;
				GCC_PREPROCESSOR_DEFINITIONS = (
					"DEBUG=1",
					"$(inherited)",
				);
				GCC_SYMBOLS_PRIVATE_EXTERN = NO;
				GCC_WARN_64_TO_32_BIT_CONVERSION = YES;
				GCC_WARN_ABOUT_RETURN_TYPE = YES_ERROR;
				GCC_WARN_UNDECLARED_SELECTOR = YES;
				GCC_WARN_UNINITIALIZED_AUTOS = YES_AGGRESSIVE;
				GCC_WARN_UNUSED_FUNCTION = YES;
				GCC_WARN_UNUSED_VARIABLE = YES;
				IPHONEOS_DEPLOYMENT_TARGET = 7.1;
				ONLY_ACTIVE_ARCH = YES;
				SDKROOT = iphoneos;
			};
			name = Debug;
		};
		C0E061C018FE6804002D1152 /* Release */ = {
			isa = XCBuildConfiguration;
			buildSettings = {
				ALWAYS_SEARCH_USER_PATHS = NO;
				CLANG_CXX_LANGUAGE_STANDARD = "gnu++0x";
				CLANG_CXX_LIBRARY = "libc++";
				CLANG_ENABLE_MODULES = YES;
				CLANG_ENABLE_OBJC_ARC = YES;
				CLANG_WARN_BOOL_CONVERSION = YES;
				CLANG_WARN_CONSTANT_CONVERSION = YES;
				CLANG_WARN_DIRECT_OBJC_ISA_USAGE = YES_ERROR;
				CLANG_WARN_EMPTY_BODY = YES;
				CLANG_WARN_ENUM_CONVERSION = YES;
				CLANG_WARN_INT_CONVERSION = YES;
				CLANG_WARN_OBJC_ROOT_CLASS = YES_ERROR;
				CLANG_WARN__DUPLICATE_METHOD_MATCH = YES;
				"CODE_SIGN_IDENTITY[sdk=iphoneos*]" = "iPhone Developer";
				COPY_PHASE_STRIP = YES;
				ENABLE_NS_ASSERTIONS = NO;
				GCC_C_LANGUAGE_STANDARD = gnu99;
				GCC_WARN_64_TO_32_BIT_CONVERSION = YES;
				GCC_WARN_ABOUT_RETURN_TYPE = YES_ERROR;
				GCC_WARN_UNDECLARED_SELECTOR = YES;
				GCC_WARN_UNINITIALIZED_AUTOS = YES_AGGRESSIVE;
				GCC_WARN_UNUSED_FUNCTION = YES;
				GCC_WARN_UNUSED_VARIABLE = YES;
				IPHONEOS_DEPLOYMENT_TARGET = 7.1;
				SDKROOT = iphoneos;
				VALIDATE_PRODUCT = YES;
			};
			name = Release;
		};
		C0E061C218FE6804002D1152 /* Debug */ = {
			isa = XCBuildConfiguration;
			buildSettings = {
				ASSETCATALOG_COMPILER_APPICON_NAME = AppIcon;
				ASSETCATALOG_COMPILER_LAUNCHIMAGE_NAME = LaunchImage;
				GCC_PRECOMPILE_PREFIX_HEADER = YES;
				GCC_PREFIX_HEADER = "Jettison/Jettison-Prefix.pch";
				INFOPLIST_FILE = "Jettison/Jettison-Info.plist";
				PRODUCT_NAME = "$(TARGET_NAME)";
				WRAPPER_EXTENSION = app;
			};
			name = Debug;
		};
		C0E061C318FE6804002D1152 /* Release */ = {
			isa = XCBuildConfiguration;
			buildSettings = {
				ASSETCATALOG_COMPILER_APPICON_NAME = AppIcon;
				ASSETCATALOG_COMPILER_LAUNCHIMAGE_NAME = LaunchImage;
				GCC_PRECOMPILE_PREFIX_HEADER = YES;
				GCC_PREFIX_HEADER = "Jettison/Jettison-Prefix.pch";
				INFOPLIST_FILE = "Jettison/Jettison-Info.plist";
				PRODUCT_NAME = "$(TARGET_NAME)";
				WRAPPER_EXTENSION = app;
			};
			name = Release;
		};
		C0E061C518FE6804002D1152 /* Debug */ = {
			isa = XCBuildConfiguration;
			buildSettings = {
				BUNDLE_LOADER = "$(BUILT_PRODUCTS_DIR)/Jettison.app/Jettison";
				FRAMEWORK_SEARCH_PATHS = (
					"$(SDKROOT)/Developer/Library/Frameworks",
					"$(inherited)",
					"$(DEVELOPER_FRAMEWORKS_DIR)",
				);
				GCC_PRECOMPILE_PREFIX_HEADER = YES;
				GCC_PREFIX_HEADER = "Jettison/Jettison-Prefix.pch";
				GCC_PREPROCESSOR_DEFINITIONS = (
					"DEBUG=1",
					"$(inherited)",
				);
				INFOPLIST_FILE = "JettisonTests/JettisonTests-Info.plist";
				PRODUCT_NAME = "$(TARGET_NAME)";
				TEST_HOST = "$(BUNDLE_LOADER)";
				WRAPPER_EXTENSION = xctest;
			};
			name = Debug;
		};
		C0E061C618FE6804002D1152 /* Release */ = {
			isa = XCBuildConfiguration;
			buildSettings = {
				BUNDLE_LOADER = "$(BUILT_PRODUCTS_DIR)/Jettison.app/Jettison";
				FRAMEWORK_SEARCH_PATHS = (
					"$(SDKROOT)/Developer/Library/Frameworks",
					"$(inherited)",
					"$(DEVELOPER_FRAMEWORKS_DIR)",
				);
				GCC_PRECOMPILE_PREFIX_HEADER = YES;
				GCC_PREFIX_HEADER = "Jettison/Jettison-Prefix.pch";
				INFOPLIST_FILE = "JettisonTests/JettisonTests-Info.plist";
				PRODUCT_NAME = "$(TARGET_NAME)";
				TEST_HOST = "$(BUNDLE_LOADER)";
				WRAPPER_EXTENSION = xctest;
			};
			name = Release;
		};
/* End XCBuildConfiguration section */

/* Begin XCConfigurationList section */
		C0E0619018FE6804002D1152 /* Build configuration list for PBXProject "Jettison" */ = {
			isa = XCConfigurationList;
			buildConfigurations = (
				C0E061BF18FE6804002D1152 /* Debug */,
				C0E061C018FE6804002D1152 /* Release */,
			);
			defaultConfigurationIsVisible = 0;
			defaultConfigurationName = Release;
		};
		C0E061C118FE6804002D1152 /* Build configuration list for PBXNativeTarget "Jettison" */ = {
			isa = XCConfigurationList;
			buildConfigurations = (
				C0E061C218FE6804002D1152 /* Debug */,
				C0E061C318FE6804002D1152 /* Release */,
			);
			defaultConfigurationIsVisible = 0;
		};
		C0E061C418FE6804002D1152 /* Build configuration list for PBXNativeTarget "JettisonTests" */ = {
			isa = XCConfigurationList;
			buildConfigurations = (
				C0E061C518FE6804002D1152 /* Debug */,
				C0E061C618FE6804002D1152 /* Release */,
			);
			defaultConfigurationIsVisible = 0;
		};
/* End XCConfigurationList section */
	};
	rootObject = C0E0618D18FE6804002D1152 /* Project object */;
}
